// !$*UTF8*$!
{
	archiveVersion = 1;
	classes = {
	};
	objectVersion = 52;
	objects = {

/* Begin PBXBuildFile section */
		0E010DDD2714EFFE008C504D /* AppDelegate.swift in Sources */ = {isa = PBXBuildFile; fileRef = 0E010DDC2714EFFE008C504D /* AppDelegate.swift */; };
		0E010DDF2714EFFE008C504D /* SceneDelegate.swift in Sources */ = {isa = PBXBuildFile; fileRef = 0E010DDE2714EFFE008C504D /* SceneDelegate.swift */; };
		0E010DE12714EFFE008C504D /* ViewController.swift in Sources */ = {isa = PBXBuildFile; fileRef = 0E010DE02714EFFE008C504D /* ViewController.swift */; };
		0E010DE42714EFFE008C504D /* Main.storyboard in Resources */ = {isa = PBXBuildFile; fileRef = 0E010DE22714EFFE008C504D /* Main.storyboard */; };
		0E010DE62714EFFE008C504D /* Assets.xcassets in Resources */ = {isa = PBXBuildFile; fileRef = 0E010DE52714EFFE008C504D /* Assets.xcassets */; };
		0E010DE92714EFFE008C504D /* LaunchScreen.storyboard in Resources */ = {isa = PBXBuildFile; fileRef = 0E010DE72714EFFE008C504D /* LaunchScreen.storyboard */; };
		0E010DF42714EFFE008C504D /* MoviesProjectTests.swift in Sources */ = {isa = PBXBuildFile; fileRef = 0E010DF32714EFFE008C504D /* MoviesProjectTests.swift */; };
		0E010DFF2714EFFE008C504D /* MoviesProjectUITests.swift in Sources */ = {isa = PBXBuildFile; fileRef = 0E010DFE2714EFFE008C504D /* MoviesProjectUITests.swift */; };
		0E6F6400271642EF00B443A7 /* MoviesList.swift in Sources */ = {isa = PBXBuildFile; fileRef = 0E6F63FE271642EF00B443A7 /* MoviesList.swift */; };
		0E6F6401271642EF00B443A7 /* MoviesList.xib in Resources */ = {isa = PBXBuildFile; fileRef = 0E6F63FF271642EF00B443A7 /* MoviesList.xib */; };
		0E70A608271877F100A22428 /* MoviesMainMenu.swift in Sources */ = {isa = PBXBuildFile; fileRef = 0E70A606271877F100A22428 /* MoviesMainMenu.swift */; };
		0E70A609271877F100A22428 /* MoviesMainMenu.xib in Resources */ = {isa = PBXBuildFile; fileRef = 0E70A607271877F100A22428 /* MoviesMainMenu.xib */; };
		0E70A60C2718A46E00A22428 /* Alamofire in Frameworks */ = {isa = PBXBuildFile; productRef = 0E70A60B2718A46E00A22428 /* Alamofire */; };
		0E70A6102718AC8800A22428 /* MoviesPopular.swift in Sources */ = {isa = PBXBuildFile; fileRef = 0E70A60E2718AC8800A22428 /* MoviesPopular.swift */; };
		0E70A6112718AC8800A22428 /* MoviesPopular.xib in Resources */ = {isa = PBXBuildFile; fileRef = 0E70A60F2718AC8800A22428 /* MoviesPopular.xib */; };
		0E70A6142718B6DC00A22428 /* ObjectMapper in Frameworks */ = {isa = PBXBuildFile; productRef = 0E70A6132718B6DC00A22428 /* ObjectMapper */; };
		6A18789D8CDFB10D9654B330 /* Pods_MoviesProject_MoviesProjectUITests.framework in Frameworks */ = {isa = PBXBuildFile; fileRef = DA617C13475F16C14B7B9E43 /* Pods_MoviesProject_MoviesProjectUITests.framework */; };
		A05432BF026A53E4F8097444 /* Pods_MoviesProjectTests.framework in Frameworks */ = {isa = PBXBuildFile; fileRef = BC2B7A4154B3668C9DEDB899 /* Pods_MoviesProjectTests.framework */; };
		CF90BBC7FAE6E0BA2916DC3B /* Pods_MoviesProject.framework in Frameworks */ = {isa = PBXBuildFile; fileRef = F7A158DB2E1DFA3A0521E2C1 /* Pods_MoviesProject.framework */; };
/* End PBXBuildFile section */

/* Begin PBXContainerItemProxy section */
		0E010DF02714EFFE008C504D /* PBXContainerItemProxy */ = {
			isa = PBXContainerItemProxy;
			containerPortal = 0E010DD12714EFFE008C504D /* Project object */;
			proxyType = 1;
			remoteGlobalIDString = 0E010DD82714EFFE008C504D;
			remoteInfo = MoviesProject;
		};
		0E010DFB2714EFFE008C504D /* PBXContainerItemProxy */ = {
			isa = PBXContainerItemProxy;
			containerPortal = 0E010DD12714EFFE008C504D /* Project object */;
			proxyType = 1;
			remoteGlobalIDString = 0E010DD82714EFFE008C504D;
			remoteInfo = MoviesProject;
		};
/* End PBXContainerItemProxy section */

/* Begin PBXFileReference section */
		0E010DD92714EFFE008C504D /* MoviesProject.app */ = {isa = PBXFileReference; explicitFileType = wrapper.application; includeInIndex = 0; path = MoviesProject.app; sourceTree = BUILT_PRODUCTS_DIR; };
		0E010DDC2714EFFE008C504D /* AppDelegate.swift */ = {isa = PBXFileReference; lastKnownFileType = sourcecode.swift; path = AppDelegate.swift; sourceTree = "<group>"; };
		0E010DDE2714EFFE008C504D /* SceneDelegate.swift */ = {isa = PBXFileReference; lastKnownFileType = sourcecode.swift; path = SceneDelegate.swift; sourceTree = "<group>"; };
		0E010DE02714EFFE008C504D /* ViewController.swift */ = {isa = PBXFileReference; lastKnownFileType = sourcecode.swift; path = ViewController.swift; sourceTree = "<group>"; };
		0E010DE32714EFFE008C504D /* Base */ = {isa = PBXFileReference; lastKnownFileType = file.storyboard; name = Base; path = Base.lproj/Main.storyboard; sourceTree = "<group>"; };
		0E010DE52714EFFE008C504D /* Assets.xcassets */ = {isa = PBXFileReference; lastKnownFileType = folder.assetcatalog; path = Assets.xcassets; sourceTree = "<group>"; };
		0E010DE82714EFFE008C504D /* Base */ = {isa = PBXFileReference; lastKnownFileType = file.storyboard; name = Base; path = Base.lproj/LaunchScreen.storyboard; sourceTree = "<group>"; };
		0E010DEA2714EFFE008C504D /* Info.plist */ = {isa = PBXFileReference; lastKnownFileType = text.plist.xml; path = Info.plist; sourceTree = "<group>"; };
		0E010DEF2714EFFE008C504D /* MoviesProjectTests.xctest */ = {isa = PBXFileReference; explicitFileType = wrapper.cfbundle; includeInIndex = 0; path = MoviesProjectTests.xctest; sourceTree = BUILT_PRODUCTS_DIR; };
		0E010DF32714EFFE008C504D /* MoviesProjectTests.swift */ = {isa = PBXFileReference; lastKnownFileType = sourcecode.swift; path = MoviesProjectTests.swift; sourceTree = "<group>"; };
		0E010DF52714EFFE008C504D /* Info.plist */ = {isa = PBXFileReference; lastKnownFileType = text.plist.xml; path = Info.plist; sourceTree = "<group>"; };
		0E010DFA2714EFFE008C504D /* MoviesProjectUITests.xctest */ = {isa = PBXFileReference; explicitFileType = wrapper.cfbundle; includeInIndex = 0; path = MoviesProjectUITests.xctest; sourceTree = BUILT_PRODUCTS_DIR; };
		0E010DFE2714EFFE008C504D /* MoviesProjectUITests.swift */ = {isa = PBXFileReference; lastKnownFileType = sourcecode.swift; path = MoviesProjectUITests.swift; sourceTree = "<group>"; };
		0E010E002714EFFE008C504D /* Info.plist */ = {isa = PBXFileReference; lastKnownFileType = text.plist.xml; path = Info.plist; sourceTree = "<group>"; };
		0E6F63FE271642EF00B443A7 /* MoviesList.swift */ = {isa = PBXFileReference; lastKnownFileType = sourcecode.swift; path = MoviesList.swift; sourceTree = "<group>"; };
		0E6F63FF271642EF00B443A7 /* MoviesList.xib */ = {isa = PBXFileReference; lastKnownFileType = file.xib; path = MoviesList.xib; sourceTree = "<group>"; };
		0E70A606271877F100A22428 /* MoviesMainMenu.swift */ = {isa = PBXFileReference; lastKnownFileType = sourcecode.swift; path = MoviesMainMenu.swift; sourceTree = "<group>"; };
		0E70A607271877F100A22428 /* MoviesMainMenu.xib */ = {isa = PBXFileReference; lastKnownFileType = file.xib; path = MoviesMainMenu.xib; sourceTree = "<group>"; };
		0E70A60E2718AC8800A22428 /* MoviesPopular.swift */ = {isa = PBXFileReference; lastKnownFileType = sourcecode.swift; path = MoviesPopular.swift; sourceTree = "<group>"; };
		0E70A60F2718AC8800A22428 /* MoviesPopular.xib */ = {isa = PBXFileReference; lastKnownFileType = file.xib; path = MoviesPopular.xib; sourceTree = "<group>"; };
		4D6E84B6D6E2A8F436DE6482 /* Pods-MoviesProject.debug.xcconfig */ = {isa = PBXFileReference; includeInIndex = 1; lastKnownFileType = text.xcconfig; name = "Pods-MoviesProject.debug.xcconfig"; path = "Target Support Files/Pods-MoviesProject/Pods-MoviesProject.debug.xcconfig"; sourceTree = "<group>"; };
		6C267CA14A4CE4C12A435D3E /* Pods-MoviesProjectTests.debug.xcconfig */ = {isa = PBXFileReference; includeInIndex = 1; lastKnownFileType = text.xcconfig; name = "Pods-MoviesProjectTests.debug.xcconfig"; path = "Target Support Files/Pods-MoviesProjectTests/Pods-MoviesProjectTests.debug.xcconfig"; sourceTree = "<group>"; };
		90EDA1CB4346A705154B0042 /* Pods-MoviesProject-MoviesProjectUITests.release.xcconfig */ = {isa = PBXFileReference; includeInIndex = 1; lastKnownFileType = text.xcconfig; name = "Pods-MoviesProject-MoviesProjectUITests.release.xcconfig"; path = "Target Support Files/Pods-MoviesProject-MoviesProjectUITests/Pods-MoviesProject-MoviesProjectUITests.release.xcconfig"; sourceTree = "<group>"; };
		BC2B7A4154B3668C9DEDB899 /* Pods_MoviesProjectTests.framework */ = {isa = PBXFileReference; explicitFileType = wrapper.framework; includeInIndex = 0; path = Pods_MoviesProjectTests.framework; sourceTree = BUILT_PRODUCTS_DIR; };
		CCB73C5D5D06DA9B25758561 /* Pods-MoviesProjectTests.release.xcconfig */ = {isa = PBXFileReference; includeInIndex = 1; lastKnownFileType = text.xcconfig; name = "Pods-MoviesProjectTests.release.xcconfig"; path = "Target Support Files/Pods-MoviesProjectTests/Pods-MoviesProjectTests.release.xcconfig"; sourceTree = "<group>"; };
		DA617C13475F16C14B7B9E43 /* Pods_MoviesProject_MoviesProjectUITests.framework */ = {isa = PBXFileReference; explicitFileType = wrapper.framework; includeInIndex = 0; path = Pods_MoviesProject_MoviesProjectUITests.framework; sourceTree = BUILT_PRODUCTS_DIR; };
		F7A158DB2E1DFA3A0521E2C1 /* Pods_MoviesProject.framework */ = {isa = PBXFileReference; explicitFileType = wrapper.framework; includeInIndex = 0; path = Pods_MoviesProject.framework; sourceTree = BUILT_PRODUCTS_DIR; };
		FC875604C5BEB2D074EF40EB /* Pods-MoviesProject-MoviesProjectUITests.debug.xcconfig */ = {isa = PBXFileReference; includeInIndex = 1; lastKnownFileType = text.xcconfig; name = "Pods-MoviesProject-MoviesProjectUITests.debug.xcconfig"; path = "Target Support Files/Pods-MoviesProject-MoviesProjectUITests/Pods-MoviesProject-MoviesProjectUITests.debug.xcconfig"; sourceTree = "<group>"; };
		FFFD91A226D1E6D1C3C06B00 /* Pods-MoviesProject.release.xcconfig */ = {isa = PBXFileReference; includeInIndex = 1; lastKnownFileType = text.xcconfig; name = "Pods-MoviesProject.release.xcconfig"; path = "Target Support Files/Pods-MoviesProject/Pods-MoviesProject.release.xcconfig"; sourceTree = "<group>"; };
/* End PBXFileReference section */

/* Begin PBXFrameworksBuildPhase section */
		0E010DD62714EFFE008C504D /* Frameworks */ = {
			isa = PBXFrameworksBuildPhase;
			buildActionMask = 2147483647;
			files = (
				0E70A6142718B6DC00A22428 /* ObjectMapper in Frameworks */,
				CF90BBC7FAE6E0BA2916DC3B /* Pods_MoviesProject.framework in Frameworks */,
				0E70A60C2718A46E00A22428 /* Alamofire in Frameworks */,
			);
			runOnlyForDeploymentPostprocessing = 0;
		};
		0E010DEC2714EFFE008C504D /* Frameworks */ = {
			isa = PBXFrameworksBuildPhase;
			buildActionMask = 2147483647;
			files = (
				A05432BF026A53E4F8097444 /* Pods_MoviesProjectTests.framework in Frameworks */,
			);
			runOnlyForDeploymentPostprocessing = 0;
		};
		0E010DF72714EFFE008C504D /* Frameworks */ = {
			isa = PBXFrameworksBuildPhase;
			buildActionMask = 2147483647;
			files = (
				6A18789D8CDFB10D9654B330 /* Pods_MoviesProject_MoviesProjectUITests.framework in Frameworks */,
			);
			runOnlyForDeploymentPostprocessing = 0;
		};
/* End PBXFrameworksBuildPhase section */

/* Begin PBXGroup section */
		0E010DD02714EFFE008C504D = {
			isa = PBXGroup;
			children = (
				0E70A60D2718AC7000A22428 /* MoviesPopular */,
				0E70A605271877CA00A22428 /* MoviesMainMenu */,
				0E6F63FD271642D900B443A7 /* MoviesMain */,
				0E010E0D2714F45C008C504D /* LoginScreen */,
				0E010DDB2714EFFE008C504D /* MoviesProject */,
				0E010DF22714EFFE008C504D /* MoviesProjectTests */,
				0E010DFD2714EFFE008C504D /* MoviesProjectUITests */,
				0E010DDA2714EFFE008C504D /* Products */,
				45F360019B916C4801496A4F /* Pods */,
				6F421D31F5044E061CA148FC /* Frameworks */,
			);
			sourceTree = "<group>";
		};
		0E010DDA2714EFFE008C504D /* Products */ = {
			isa = PBXGroup;
			children = (
				0E010DD92714EFFE008C504D /* MoviesProject.app */,
				0E010DEF2714EFFE008C504D /* MoviesProjectTests.xctest */,
				0E010DFA2714EFFE008C504D /* MoviesProjectUITests.xctest */,
			);
			name = Products;
			sourceTree = "<group>";
		};
		0E010DDB2714EFFE008C504D /* MoviesProject */ = {
			isa = PBXGroup;
			children = (
				0E010DDC2714EFFE008C504D /* AppDelegate.swift */,
				0E010DDE2714EFFE008C504D /* SceneDelegate.swift */,
				0E010DE52714EFFE008C504D /* Assets.xcassets */,
				0E010DE72714EFFE008C504D /* LaunchScreen.storyboard */,
				0E010DEA2714EFFE008C504D /* Info.plist */,
			);
			path = MoviesProject;
			sourceTree = "<group>";
		};
		0E010DF22714EFFE008C504D /* MoviesProjectTests */ = {
			isa = PBXGroup;
			children = (
				0E010DF32714EFFE008C504D /* MoviesProjectTests.swift */,
				0E010DF52714EFFE008C504D /* Info.plist */,
			);
			path = MoviesProjectTests;
			sourceTree = "<group>";
		};
		0E010DFD2714EFFE008C504D /* MoviesProjectUITests */ = {
			isa = PBXGroup;
			children = (
				0E010DFE2714EFFE008C504D /* MoviesProjectUITests.swift */,
				0E010E002714EFFE008C504D /* Info.plist */,
			);
			path = MoviesProjectUITests;
			sourceTree = "<group>";
		};
		0E010E0D2714F45C008C504D /* LoginScreen */ = {
			isa = PBXGroup;
			children = (
				0E010DE02714EFFE008C504D /* ViewController.swift */,
				0E010DE22714EFFE008C504D /* Main.storyboard */,
			);
			path = LoginScreen;
			sourceTree = "<group>";
		};
		0E6F63FD271642D900B443A7 /* MoviesMain */ = {
			isa = PBXGroup;
			children = (
				0E6F63FE271642EF00B443A7 /* MoviesList.swift */,
				0E6F63FF271642EF00B443A7 /* MoviesList.xib */,
			);
			path = MoviesMain;
			sourceTree = "<group>";
		};
		0E70A605271877CA00A22428 /* MoviesMainMenu */ = {
			isa = PBXGroup;
			children = (
				0E70A606271877F100A22428 /* MoviesMainMenu.swift */,
				0E70A607271877F100A22428 /* MoviesMainMenu.xib */,
			);
			path = MoviesMainMenu;
			sourceTree = "<group>";
		};
		0E70A60D2718AC7000A22428 /* MoviesPopular */ = {
			isa = PBXGroup;
			children = (
				0E70A60E2718AC8800A22428 /* MoviesPopular.swift */,
				0E70A60F2718AC8800A22428 /* MoviesPopular.xib */,
			);
			path = MoviesPopular;
			sourceTree = "<group>";
		};
		45F360019B916C4801496A4F /* Pods */ = {
			isa = PBXGroup;
			children = (
				4D6E84B6D6E2A8F436DE6482 /* Pods-MoviesProject.debug.xcconfig */,
				FFFD91A226D1E6D1C3C06B00 /* Pods-MoviesProject.release.xcconfig */,
				FC875604C5BEB2D074EF40EB /* Pods-MoviesProject-MoviesProjectUITests.debug.xcconfig */,
				90EDA1CB4346A705154B0042 /* Pods-MoviesProject-MoviesProjectUITests.release.xcconfig */,
				6C267CA14A4CE4C12A435D3E /* Pods-MoviesProjectTests.debug.xcconfig */,
				CCB73C5D5D06DA9B25758561 /* Pods-MoviesProjectTests.release.xcconfig */,
			);
			path = Pods;
			sourceTree = "<group>";
		};
		6F421D31F5044E061CA148FC /* Frameworks */ = {
			isa = PBXGroup;
			children = (
				F7A158DB2E1DFA3A0521E2C1 /* Pods_MoviesProject.framework */,
				DA617C13475F16C14B7B9E43 /* Pods_MoviesProject_MoviesProjectUITests.framework */,
				BC2B7A4154B3668C9DEDB899 /* Pods_MoviesProjectTests.framework */,
			);
			name = Frameworks;
			sourceTree = "<group>";
		};
/* End PBXGroup section */

/* Begin PBXNativeTarget section */
		0E010DD82714EFFE008C504D /* MoviesProject */ = {
			isa = PBXNativeTarget;
			buildConfigurationList = 0E010E032714EFFE008C504D /* Build configuration list for PBXNativeTarget "MoviesProject" */;
			buildPhases = (
				C9D5B13616CF13186CA8C13D /* [CP] Check Pods Manifest.lock */,
				0E010DD52714EFFE008C504D /* Sources */,
				0E010DD62714EFFE008C504D /* Frameworks */,
				0E010DD72714EFFE008C504D /* Resources */,
			);
			buildRules = (
			);
			dependencies = (
			);
			name = MoviesProject;
			packageProductDependencies = (
				0E70A60B2718A46E00A22428 /* Alamofire */,
				0E70A6132718B6DC00A22428 /* ObjectMapper */,
			);
			productName = MoviesProject;
			productReference = 0E010DD92714EFFE008C504D /* MoviesProject.app */;
			productType = "com.apple.product-type.application";
		};
		0E010DEE2714EFFE008C504D /* MoviesProjectTests */ = {
			isa = PBXNativeTarget;
			buildConfigurationList = 0E010E062714EFFE008C504D /* Build configuration list for PBXNativeTarget "MoviesProjectTests" */;
			buildPhases = (
				0A6C37BB78BC84315CA7EEF3 /* [CP] Check Pods Manifest.lock */,
				0E010DEB2714EFFE008C504D /* Sources */,
				0E010DEC2714EFFE008C504D /* Frameworks */,
				0E010DED2714EFFE008C504D /* Resources */,
				1F050998451627780F29355B /* [CP] Embed Pods Frameworks */,
			);
			buildRules = (
			);
			dependencies = (
				0E010DF12714EFFE008C504D /* PBXTargetDependency */,
			);
			name = MoviesProjectTests;
			productName = MoviesProjectTests;
			productReference = 0E010DEF2714EFFE008C504D /* MoviesProjectTests.xctest */;
			productType = "com.apple.product-type.bundle.unit-test";
		};
		0E010DF92714EFFE008C504D /* MoviesProjectUITests */ = {
			isa = PBXNativeTarget;
			buildConfigurationList = 0E010E092714EFFE008C504D /* Build configuration list for PBXNativeTarget "MoviesProjectUITests" */;
			buildPhases = (
				387C8DCBCD1086C18DDE7E76 /* [CP] Check Pods Manifest.lock */,
				0E010DF62714EFFE008C504D /* Sources */,
				0E010DF72714EFFE008C504D /* Frameworks */,
				0E010DF82714EFFE008C504D /* Resources */,
			);
			buildRules = (
			);
			dependencies = (
				0E010DFC2714EFFE008C504D /* PBXTargetDependency */,
			);
			name = MoviesProjectUITests;
			productName = MoviesProjectUITests;
			productReference = 0E010DFA2714EFFE008C504D /* MoviesProjectUITests.xctest */;
			productType = "com.apple.product-type.bundle.ui-testing";
		};
/* End PBXNativeTarget section */

/* Begin PBXProject section */
		0E010DD12714EFFE008C504D /* Project object */ = {
			isa = PBXProject;
			attributes = {
				LastSwiftUpdateCheck = 1250;
				LastUpgradeCheck = 1250;
				TargetAttributes = {
					0E010DD82714EFFE008C504D = {
						CreatedOnToolsVersion = 12.5;
					};
					0E010DEE2714EFFE008C504D = {
						CreatedOnToolsVersion = 12.5;
						TestTargetID = 0E010DD82714EFFE008C504D;
					};
					0E010DF92714EFFE008C504D = {
						CreatedOnToolsVersion = 12.5;
						TestTargetID = 0E010DD82714EFFE008C504D;
					};
				};
			};
			buildConfigurationList = 0E010DD42714EFFE008C504D /* Build configuration list for PBXProject "MoviesProject" */;
			compatibilityVersion = "Xcode 9.3";
			developmentRegion = en;
			hasScannedForEncodings = 0;
			knownRegions = (
				en,
				Base,
			);
			mainGroup = 0E010DD02714EFFE008C504D;
			packageReferences = (
				0E70A60A2718A46E00A22428 /* XCRemoteSwiftPackageReference "Alamofire" */,
				0E70A6122718B6DC00A22428 /* XCRemoteSwiftPackageReference "ObjectMapper" */,
			);
			productRefGroup = 0E010DDA2714EFFE008C504D /* Products */;
			projectDirPath = "";
			projectRoot = "";
			targets = (
				0E010DD82714EFFE008C504D /* MoviesProject */,
				0E010DEE2714EFFE008C504D /* MoviesProjectTests */,
				0E010DF92714EFFE008C504D /* MoviesProjectUITests */,
			);
		};
/* End PBXProject section */

/* Begin PBXResourcesBuildPhase section */
		0E010DD72714EFFE008C504D /* Resources */ = {
			isa = PBXResourcesBuildPhase;
			buildActionMask = 2147483647;
			files = (
				0E6F6401271642EF00B443A7 /* MoviesList.xib in Resources */,
				0E010DE92714EFFE008C504D /* LaunchScreen.storyboard in Resources */,
				0E70A609271877F100A22428 /* MoviesMainMenu.xib in Resources */,
				0E010DE62714EFFE008C504D /* Assets.xcassets in Resources */,
				0E70A6112718AC8800A22428 /* MoviesPopular.xib in Resources */,
				0E010DE42714EFFE008C504D /* Main.storyboard in Resources */,
			);
			runOnlyForDeploymentPostprocessing = 0;
		};
		0E010DED2714EFFE008C504D /* Resources */ = {
			isa = PBXResourcesBuildPhase;
			buildActionMask = 2147483647;
			files = (
			);
			runOnlyForDeploymentPostprocessing = 0;
		};
		0E010DF82714EFFE008C504D /* Resources */ = {
			isa = PBXResourcesBuildPhase;
			buildActionMask = 2147483647;
			files = (
			);
			runOnlyForDeploymentPostprocessing = 0;
		};
/* End PBXResourcesBuildPhase section */

/* Begin PBXShellScriptBuildPhase section */
		0A6C37BB78BC84315CA7EEF3 /* [CP] Check Pods Manifest.lock */ = {
			isa = PBXShellScriptBuildPhase;
			buildActionMask = 2147483647;
			files = (
			);
			inputFileListPaths = (
			);
			inputPaths = (
				"${PODS_PODFILE_DIR_PATH}/Podfile.lock",
				"${PODS_ROOT}/Manifest.lock",
			);
			name = "[CP] Check Pods Manifest.lock";
			outputFileListPaths = (
			);
			outputPaths = (
				"$(DERIVED_FILE_DIR)/Pods-MoviesProjectTests-checkManifestLockResult.txt",
			);
			runOnlyForDeploymentPostprocessing = 0;
			shellPath = /bin/sh;
			shellScript = "diff \"${PODS_PODFILE_DIR_PATH}/Podfile.lock\" \"${PODS_ROOT}/Manifest.lock\" > /dev/null\nif [ $? != 0 ] ; then\n    # print error to STDERR\n    echo \"error: The sandbox is not in sync with the Podfile.lock. Run 'pod install' or update your CocoaPods installation.\" >&2\n    exit 1\nfi\n# This output is used by Xcode 'outputs' to avoid re-running this script phase.\necho \"SUCCESS\" > \"${SCRIPT_OUTPUT_FILE_0}\"\n";
			showEnvVarsInLog = 0;
		};
		1F050998451627780F29355B /* [CP] Embed Pods Frameworks */ = {
			isa = PBXShellScriptBuildPhase;
			buildActionMask = 2147483647;
			files = (
			);
			inputFileListPaths = (
				"${PODS_ROOT}/Target Support Files/Pods-MoviesProjectTests/Pods-MoviesProjectTests-frameworks-${CONFIGURATION}-input-files.xcfilelist",
			);
			name = "[CP] Embed Pods Frameworks";
			outputFileListPaths = (
				"${PODS_ROOT}/Target Support Files/Pods-MoviesProjectTests/Pods-MoviesProjectTests-frameworks-${CONFIGURATION}-output-files.xcfilelist",
			);
			runOnlyForDeploymentPostprocessing = 0;
			shellPath = /bin/sh;
			shellScript = "\"${PODS_ROOT}/Target Support Files/Pods-MoviesProjectTests/Pods-MoviesProjectTests-frameworks.sh\"\n";
			showEnvVarsInLog = 0;
		};
		387C8DCBCD1086C18DDE7E76 /* [CP] Check Pods Manifest.lock */ = {
			isa = PBXShellScriptBuildPhase;
			buildActionMask = 2147483647;
			files = (
			);
			inputFileListPaths = (
			);
			inputPaths = (
				"${PODS_PODFILE_DIR_PATH}/Podfile.lock",
				"${PODS_ROOT}/Manifest.lock",
			);
			name = "[CP] Check Pods Manifest.lock";
			outputFileListPaths = (
			);
			outputPaths = (
				"$(DERIVED_FILE_DIR)/Pods-MoviesProject-MoviesProjectUITests-checkManifestLockResult.txt",
			);
			runOnlyForDeploymentPostprocessing = 0;
			shellPath = /bin/sh;
			shellScript = "diff \"${PODS_PODFILE_DIR_PATH}/Podfile.lock\" \"${PODS_ROOT}/Manifest.lock\" > /dev/null\nif [ $? != 0 ] ; then\n    # print error to STDERR\n    echo \"error: The sandbox is not in sync with the Podfile.lock. Run 'pod install' or update your CocoaPods installation.\" >&2\n    exit 1\nfi\n# This output is used by Xcode 'outputs' to avoid re-running this script phase.\necho \"SUCCESS\" > \"${SCRIPT_OUTPUT_FILE_0}\"\n";
			showEnvVarsInLog = 0;
		};
		C9D5B13616CF13186CA8C13D /* [CP] Check Pods Manifest.lock */ = {
			isa = PBXShellScriptBuildPhase;
			buildActionMask = 2147483647;
			files = (
			);
			inputFileListPaths = (
			);
			inputPaths = (
				"${PODS_PODFILE_DIR_PATH}/Podfile.lock",
				"${PODS_ROOT}/Manifest.lock",
			);
			name = "[CP] Check Pods Manifest.lock";
			outputFileListPaths = (
			);
			outputPaths = (
				"$(DERIVED_FILE_DIR)/Pods-MoviesProject-checkManifestLockResult.txt",
			);
			runOnlyForDeploymentPostprocessing = 0;
			shellPath = /bin/sh;
			shellScript = "diff \"${PODS_PODFILE_DIR_PATH}/Podfile.lock\" \"${PODS_ROOT}/Manifest.lock\" > /dev/null\nif [ $? != 0 ] ; then\n    # print error to STDERR\n    echo \"error: The sandbox is not in sync with the Podfile.lock. Run 'pod install' or update your CocoaPods installation.\" >&2\n    exit 1\nfi\n# This output is used by Xcode 'outputs' to avoid re-running this script phase.\necho \"SUCCESS\" > \"${SCRIPT_OUTPUT_FILE_0}\"\n";
			showEnvVarsInLog = 0;
		};
/* End PBXShellScriptBuildPhase section */

/* Begin PBXSourcesBuildPhase section */
		0E010DD52714EFFE008C504D /* Sources */ = {
			isa = PBXSourcesBuildPhase;
			buildActionMask = 2147483647;
			files = (
				0E010DE12714EFFE008C504D /* ViewController.swift in Sources */,
				0E010DDD2714EFFE008C504D /* AppDelegate.swift in Sources */,
				0E70A608271877F100A22428 /* MoviesMainMenu.swift in Sources */,
				0E010DDF2714EFFE008C504D /* SceneDelegate.swift in Sources */,
				0E70A6102718AC8800A22428 /* MoviesPopular.swift in Sources */,
				0E6F6400271642EF00B443A7 /* MoviesList.swift in Sources */,
			);
			runOnlyForDeploymentPostprocessing = 0;
		};
		0E010DEB2714EFFE008C504D /* Sources */ = {
			isa = PBXSourcesBuildPhase;
			buildActionMask = 2147483647;
			files = (
				0E010DF42714EFFE008C504D /* MoviesProjectTests.swift in Sources */,
			);
			runOnlyForDeploymentPostprocessing = 0;
		};
		0E010DF62714EFFE008C504D /* Sources */ = {
			isa = PBXSourcesBuildPhase;
			buildActionMask = 2147483647;
			files = (
				0E010DFF2714EFFE008C504D /* MoviesProjectUITests.swift in Sources */,
			);
			runOnlyForDeploymentPostprocessing = 0;
		};
/* End PBXSourcesBuildPhase section */

/* Begin PBXTargetDependency section */
		0E010DF12714EFFE008C504D /* PBXTargetDependency */ = {
			isa = PBXTargetDependency;
			target = 0E010DD82714EFFE008C504D /* MoviesProject */;
			targetProxy = 0E010DF02714EFFE008C504D /* PBXContainerItemProxy */;
		};
		0E010DFC2714EFFE008C504D /* PBXTargetDependency */ = {
			isa = PBXTargetDependency;
			target = 0E010DD82714EFFE008C504D /* MoviesProject */;
			targetProxy = 0E010DFB2714EFFE008C504D /* PBXContainerItemProxy */;
		};
/* End PBXTargetDependency section */

/* Begin PBXVariantGroup section */
		0E010DE22714EFFE008C504D /* Main.storyboard */ = {
			isa = PBXVariantGroup;
			children = (
				0E010DE32714EFFE008C504D /* Base */,
			);
			name = Main.storyboard;
			sourceTree = "<group>";
		};
		0E010DE72714EFFE008C504D /* LaunchScreen.storyboard */ = {
			isa = PBXVariantGroup;
			children = (
				0E010DE82714EFFE008C504D /* Base */,
			);
			name = LaunchScreen.storyboard;
			sourceTree = "<group>";
		};
/* End PBXVariantGroup section */

/* Begin XCBuildConfiguration section */
		0E010E012714EFFE008C504D /* Debug */ = {
			isa = XCBuildConfiguration;
			buildSettings = {
				ALWAYS_SEARCH_USER_PATHS = NO;
				CLANG_ANALYZER_NONNULL = YES;
				CLANG_ANALYZER_NUMBER_OBJECT_CONVERSION = YES_AGGRESSIVE;
				CLANG_CXX_LANGUAGE_STANDARD = "gnu++14";
				CLANG_CXX_LIBRARY = "libc++";
				CLANG_ENABLE_MODULES = YES;
				CLANG_ENABLE_OBJC_ARC = YES;
				CLANG_ENABLE_OBJC_WEAK = YES;
				CLANG_WARN_BLOCK_CAPTURE_AUTORELEASING = YES;
				CLANG_WARN_BOOL_CONVERSION = YES;
				CLANG_WARN_COMMA = YES;
				CLANG_WARN_CONSTANT_CONVERSION = YES;
				CLANG_WARN_DEPRECATED_OBJC_IMPLEMENTATIONS = YES;
				CLANG_WARN_DIRECT_OBJC_ISA_USAGE = YES_ERROR;
				CLANG_WARN_DOCUMENTATION_COMMENTS = YES;
				CLANG_WARN_EMPTY_BODY = YES;
				CLANG_WARN_ENUM_CONVERSION = YES;
				CLANG_WARN_INFINITE_RECURSION = YES;
				CLANG_WARN_INT_CONVERSION = YES;
				CLANG_WARN_NON_LITERAL_NULL_CONVERSION = YES;
				CLANG_WARN_OBJC_IMPLICIT_RETAIN_SELF = YES;
				CLANG_WARN_OBJC_LITERAL_CONVERSION = YES;
				CLANG_WARN_OBJC_ROOT_CLASS = YES_ERROR;
				CLANG_WARN_QUOTED_INCLUDE_IN_FRAMEWORK_HEADER = YES;
				CLANG_WARN_RANGE_LOOP_ANALYSIS = YES;
				CLANG_WARN_STRICT_PROTOTYPES = YES;
				CLANG_WARN_SUSPICIOUS_MOVE = YES;
				CLANG_WARN_UNGUARDED_AVAILABILITY = YES_AGGRESSIVE;
				CLANG_WARN_UNREACHABLE_CODE = YES;
				CLANG_WARN__DUPLICATE_METHOD_MATCH = YES;
				COPY_PHASE_STRIP = NO;
				DEBUG_INFORMATION_FORMAT = dwarf;
				ENABLE_STRICT_OBJC_MSGSEND = YES;
				ENABLE_TESTABILITY = YES;
				GCC_C_LANGUAGE_STANDARD = gnu11;
				GCC_DYNAMIC_NO_PIC = NO;
				GCC_NO_COMMON_BLOCKS = YES;
				GCC_OPTIMIZATION_LEVEL = 0;
				GCC_PREPROCESSOR_DEFINITIONS = (
					"DEBUG=1",
					"$(inherited)",
				);
				GCC_WARN_64_TO_32_BIT_CONVERSION = YES;
				GCC_WARN_ABOUT_RETURN_TYPE = YES_ERROR;
				GCC_WARN_UNDECLARED_SELECTOR = YES;
				GCC_WARN_UNINITIALIZED_AUTOS = YES_AGGRESSIVE;
				GCC_WARN_UNUSED_FUNCTION = YES;
				GCC_WARN_UNUSED_VARIABLE = YES;
				IPHONEOS_DEPLOYMENT_TARGET = 14.5;
				MTL_ENABLE_DEBUG_INFO = INCLUDE_SOURCE;
				MTL_FAST_MATH = YES;
				ONLY_ACTIVE_ARCH = YES;
				SDKROOT = iphoneos;
				SWIFT_ACTIVE_COMPILATION_CONDITIONS = DEBUG;
				SWIFT_OPTIMIZATION_LEVEL = "-Onone";
			};
			name = Debug;
		};
		0E010E022714EFFE008C504D /* Release */ = {
			isa = XCBuildConfiguration;
			buildSettings = {
				ALWAYS_SEARCH_USER_PATHS = NO;
				CLANG_ANALYZER_NONNULL = YES;
				CLANG_ANALYZER_NUMBER_OBJECT_CONVERSION = YES_AGGRESSIVE;
				CLANG_CXX_LANGUAGE_STANDARD = "gnu++14";
				CLANG_CXX_LIBRARY = "libc++";
				CLANG_ENABLE_MODULES = YES;
				CLANG_ENABLE_OBJC_ARC = YES;
				CLANG_ENABLE_OBJC_WEAK = YES;
				CLANG_WARN_BLOCK_CAPTURE_AUTORELEASING = YES;
				CLANG_WARN_BOOL_CONVERSION = YES;
				CLANG_WARN_COMMA = YES;
				CLANG_WARN_CONSTANT_CONVERSION = YES;
				CLANG_WARN_DEPRECATED_OBJC_IMPLEMENTATIONS = YES;
				CLANG_WARN_DIRECT_OBJC_ISA_USAGE = YES_ERROR;
				CLANG_WARN_DOCUMENTATION_COMMENTS = YES;
				CLANG_WARN_EMPTY_BODY = YES;
				CLANG_WARN_ENUM_CONVERSION = YES;
				CLANG_WARN_INFINITE_RECURSION = YES;
				CLANG_WARN_INT_CONVERSION = YES;
				CLANG_WARN_NON_LITERAL_NULL_CONVERSION = YES;
				CLANG_WARN_OBJC_IMPLICIT_RETAIN_SELF = YES;
				CLANG_WARN_OBJC_LITERAL_CONVERSION = YES;
				CLANG_WARN_OBJC_ROOT_CLASS = YES_ERROR;
				CLANG_WARN_QUOTED_INCLUDE_IN_FRAMEWORK_HEADER = YES;
				CLANG_WARN_RANGE_LOOP_ANALYSIS = YES;
				CLANG_WARN_STRICT_PROTOTYPES = YES;
				CLANG_WARN_SUSPICIOUS_MOVE = YES;
				CLANG_WARN_UNGUARDED_AVAILABILITY = YES_AGGRESSIVE;
				CLANG_WARN_UNREACHABLE_CODE = YES;
				CLANG_WARN__DUPLICATE_METHOD_MATCH = YES;
				COPY_PHASE_STRIP = NO;
				DEBUG_INFORMATION_FORMAT = "dwarf-with-dsym";
				ENABLE_NS_ASSERTIONS = NO;
				ENABLE_STRICT_OBJC_MSGSEND = YES;
				GCC_C_LANGUAGE_STANDARD = gnu11;
				GCC_NO_COMMON_BLOCKS = YES;
				GCC_WARN_64_TO_32_BIT_CONVERSION = YES;
				GCC_WARN_ABOUT_RETURN_TYPE = YES_ERROR;
				GCC_WARN_UNDECLARED_SELECTOR = YES;
				GCC_WARN_UNINITIALIZED_AUTOS = YES_AGGRESSIVE;
				GCC_WARN_UNUSED_FUNCTION = YES;
				GCC_WARN_UNUSED_VARIABLE = YES;
				IPHONEOS_DEPLOYMENT_TARGET = 14.5;
				MTL_ENABLE_DEBUG_INFO = NO;
				MTL_FAST_MATH = YES;
				SDKROOT = iphoneos;
				SWIFT_COMPILATION_MODE = wholemodule;
				SWIFT_OPTIMIZATION_LEVEL = "-O";
				VALIDATE_PRODUCT = YES;
			};
			name = Release;
		};
		0E010E042714EFFE008C504D /* Debug */ = {
			isa = XCBuildConfiguration;
			baseConfigurationReference = 4D6E84B6D6E2A8F436DE6482 /* Pods-MoviesProject.debug.xcconfig */;
			buildSettings = {
				ASSETCATALOG_COMPILER_APPICON_NAME = AppIcon;
				ASSETCATALOG_COMPILER_GLOBAL_ACCENT_COLOR_NAME = AccentColor;
				CODE_SIGN_STYLE = Automatic;
				INFOPLIST_FILE = MoviesProject/Info.plist;
				LD_RUNPATH_SEARCH_PATHS = (
					"$(inherited)",
					"@executable_path/Frameworks",
				);
				PRODUCT_BUNDLE_IDENTIFIER = "Tortoriello-Matias.MoviesProject";
				PRODUCT_NAME = "$(TARGET_NAME)";
				SWIFT_VERSION = 5.0;
				TARGETED_DEVICE_FAMILY = "1,2";
			};
			name = Debug;
		};
		0E010E052714EFFE008C504D /* Release */ = {
			isa = XCBuildConfiguration;
			baseConfigurationReference = FFFD91A226D1E6D1C3C06B00 /* Pods-MoviesProject.release.xcconfig */;
			buildSettings = {
				ASSETCATALOG_COMPILER_APPICON_NAME = AppIcon;
				ASSETCATALOG_COMPILER_GLOBAL_ACCENT_COLOR_NAME = AccentColor;
				CODE_SIGN_STYLE = Automatic;
				INFOPLIST_FILE = MoviesProject/Info.plist;
				LD_RUNPATH_SEARCH_PATHS = (
					"$(inherited)",
					"@executable_path/Frameworks",
				);
				PRODUCT_BUNDLE_IDENTIFIER = "Tortoriello-Matias.MoviesProject";
				PRODUCT_NAME = "$(TARGET_NAME)";
				SWIFT_VERSION = 5.0;
				TARGETED_DEVICE_FAMILY = "1,2";
			};
			name = Release;
		};
		0E010E072714EFFE008C504D /* Debug */ = {
			isa = XCBuildConfiguration;
			baseConfigurationReference = 6C267CA14A4CE4C12A435D3E /* Pods-MoviesProjectTests.debug.xcconfig */;
			buildSettings = {
				ALWAYS_EMBED_SWIFT_STANDARD_LIBRARIES = YES;
				BUNDLE_LOADER = "$(TEST_HOST)";
				CODE_SIGN_STYLE = Automatic;
				INFOPLIST_FILE = MoviesProjectTests/Info.plist;
				IPHONEOS_DEPLOYMENT_TARGET = 14.5;
				LD_RUNPATH_SEARCH_PATHS = (
					"$(inherited)",
					"@executable_path/Frameworks",
					"@loader_path/Frameworks",
				);
				PRODUCT_BUNDLE_IDENTIFIER = "Tortoriello-Matias.MoviesProjectTests";
				PRODUCT_NAME = "$(TARGET_NAME)";
				SWIFT_VERSION = 5.0;
				TARGETED_DEVICE_FAMILY = "1,2";
				TEST_HOST = "$(BUILT_PRODUCTS_DIR)/MoviesProject.app/MoviesProject";
			};
			name = Debug;
		};
		0E010E082714EFFE008C504D /* Release */ = {
			isa = XCBuildConfiguration;
			baseConfigurationReference = CCB73C5D5D06DA9B25758561 /* Pods-MoviesProjectTests.release.xcconfig */;
			buildSettings = {
				ALWAYS_EMBED_SWIFT_STANDARD_LIBRARIES = YES;
				BUNDLE_LOADER = "$(TEST_HOST)";
				CODE_SIGN_STYLE = Automatic;
				INFOPLIST_FILE = MoviesProjectTests/Info.plist;
				IPHONEOS_DEPLOYMENT_TARGET = 14.5;
				LD_RUNPATH_SEARCH_PATHS = (
					"$(inherited)",
					"@executable_path/Frameworks",
					"@loader_path/Frameworks",
				);
				PRODUCT_BUNDLE_IDENTIFIER = "Tortoriello-Matias.MoviesProjectTests";
				PRODUCT_NAME = "$(TARGET_NAME)";
				SWIFT_VERSION = 5.0;
				TARGETED_DEVICE_FAMILY = "1,2";
				TEST_HOST = "$(BUILT_PRODUCTS_DIR)/MoviesProject.app/MoviesProject";
			};
			name = Release;
		};
		0E010E0A2714EFFE008C504D /* Debug */ = {
			isa = XCBuildConfiguration;
			baseConfigurationReference = FC875604C5BEB2D074EF40EB /* Pods-MoviesProject-MoviesProjectUITests.debug.xcconfig */;
			buildSettings = {
				ALWAYS_EMBED_SWIFT_STANDARD_LIBRARIES = YES;
				CODE_SIGN_STYLE = Automatic;
				INFOPLIST_FILE = MoviesProjectUITests/Info.plist;
				LD_RUNPATH_SEARCH_PATHS = (
					"$(inherited)",
					"@executable_path/Frameworks",
					"@loader_path/Frameworks",
				);
				PRODUCT_BUNDLE_IDENTIFIER = "Tortoriello-Matias.MoviesProjectUITests";
				PRODUCT_NAME = "$(TARGET_NAME)";
				SWIFT_VERSION = 5.0;
				TARGETED_DEVICE_FAMILY = "1,2";
				TEST_TARGET_NAME = MoviesProject;
			};
			name = Debug;
		};
		0E010E0B2714EFFE008C504D /* Release */ = {
			isa = XCBuildConfiguration;
			baseConfigurationReference = 90EDA1CB4346A705154B0042 /* Pods-MoviesProject-MoviesProjectUITests.release.xcconfig */;
			buildSettings = {
				ALWAYS_EMBED_SWIFT_STANDARD_LIBRARIES = YES;
				CODE_SIGN_STYLE = Automatic;
				INFOPLIST_FILE = MoviesProjectUITests/Info.plist;
				LD_RUNPATH_SEARCH_PATHS = (
					"$(inherited)",
					"@executable_path/Frameworks",
					"@loader_path/Frameworks",
				);
				PRODUCT_BUNDLE_IDENTIFIER = "Tortoriello-Matias.MoviesProjectUITests";
				PRODUCT_NAME = "$(TARGET_NAME)";
				SWIFT_VERSION = 5.0;
				TARGETED_DEVICE_FAMILY = "1,2";
				TEST_TARGET_NAME = MoviesProject;
			};
			name = Release;
		};
/* End XCBuildConfiguration section */

/* Begin XCConfigurationList section */
		0E010DD42714EFFE008C504D /* Build configuration list for PBXProject "MoviesProject" */ = {
			isa = XCConfigurationList;
			buildConfigurations = (
				0E010E012714EFFE008C504D /* Debug */,
				0E010E022714EFFE008C504D /* Release */,
			);
			defaultConfigurationIsVisible = 0;
			defaultConfigurationName = Release;
		};
		0E010E032714EFFE008C504D /* Build configuration list for PBXNativeTarget "MoviesProject" */ = {
			isa = XCConfigurationList;
			buildConfigurations = (
				0E010E042714EFFE008C504D /* Debug */,
				0E010E052714EFFE008C504D /* Release */,
			);
			defaultConfigurationIsVisible = 0;
			defaultConfigurationName = Release;
		};
		0E010E062714EFFE008C504D /* Build configuration list for PBXNativeTarget "MoviesProjectTests" */ = {
			isa = XCConfigurationList;
			buildConfigurations = (
				0E010E072714EFFE008C504D /* Debug */,
				0E010E082714EFFE008C504D /* Release */,
			);
			defaultConfigurationIsVisible = 0;
			defaultConfigurationName = Release;
		};
		0E010E092714EFFE008C504D /* Build configuration list for PBXNativeTarget "MoviesProjectUITests" */ = {
			isa = XCConfigurationList;
			buildConfigurations = (
				0E010E0A2714EFFE008C504D /* Debug */,
				0E010E0B2714EFFE008C504D /* Release */,
			);
			defaultConfigurationIsVisible = 0;
			defaultConfigurationName = Release;
		};
/* End XCConfigurationList section */

/* Begin XCRemoteSwiftPackageReference section */
		0E70A60A2718A46E00A22428 /* XCRemoteSwiftPackageReference "Alamofire" */ = {
			isa = XCRemoteSwiftPackageReference;
			repositoryURL = "https://github.com/Alamofire/Alamofire.git";
			requirement = {
				kind = upToNextMajorVersion;
				minimumVersion = 5.4.4;
			};
		};
		0E70A6122718B6DC00A22428 /* XCRemoteSwiftPackageReference "ObjectMapper" */ = {
			isa = XCRemoteSwiftPackageReference;
			repositoryURL = "https://github.com/tristanhimmelman/ObjectMapper.git";
			requirement = {
				kind = upToNextMajorVersion;
				minimumVersion = 4.2.0;
			};
		};
/* End XCRemoteSwiftPackageReference section */

/* Begin XCSwiftPackageProductDependency section */
		0E70A60B2718A46E00A22428 /* Alamofire */ = {
			isa = XCSwiftPackageProductDependency;
			package = 0E70A60A2718A46E00A22428 /* XCRemoteSwiftPackageReference "Alamofire" */;
			productName = Alamofire;
		};
		0E70A6132718B6DC00A22428 /* ObjectMapper */ = {
			isa = XCSwiftPackageProductDependency;
			package = 0E70A6122718B6DC00A22428 /* XCRemoteSwiftPackageReference "ObjectMapper" */;
			productName = ObjectMapper;
		};
/* End XCSwiftPackageProductDependency section */
	};
	rootObject = 0E010DD12714EFFE008C504D /* Project object */;
}
